
Microsoft Visual Studio Solution File, Format Version 11.00
# Visual Studio 2010
Project("{FAE04EC0-301F-11D3-BF4B-00C04F79EFBC}") = "Model", "Model\Model.csproj", "{F3867BEF-ED3E-447B-93CC-0123798F4D57}"
EndProject
Project("{FAE04EC0-301F-11D3-BF4B-00C04F79EFBC}") = "SQLServerDAL", "SQLServerDAL\SQLServerDAL.csproj", "{552AE3CC-2516-4E25-B2CB-CC7116A19B49}"
EndProject
Project("{FAE04EC0-301F-11D3-BF4B-00C04F79EFBC}") = "BLL", "BLL\BLL.csproj", "{1A058756-ED8A-4AA5-96A8-0395B1653DCA}"
EndProject
Project("{FAE04EC0-301F-11D3-BF4B-00C04F79EFBC}") = "IDAL", "IDAL\IDAL.csproj", "{7F494DCE-EA6B-48D5-9C34-5A0DC0CBDC4A}"
	ProjectSection(ProjectDependencies) = postProject
		{F3867BEF-ED3E-447B-93CC-0123798F4D57} = {F3867BEF-ED3E-447B-93CC-0123798F4D57}
	EndProjectSection
EndProject
Project("{FAE04EC0-301F-11D3-BF4B-00C04F79EFBC}") = "DALFactory", "DALFactory\DALFactory.csproj", "{12891F21-E1B3-414A-A82A-B4B0B8021456}"
EndProject
Project("{E24C65DC-7377-472B-9ABA-BC803B73C61A}") = "Web", "Web\", "{CFDAA0AE-B84C-4454-9748-DDF93FEE0CBD}"
	ProjectSection(WebsiteProperties) = preProject
		TargetFrameworkMoniker = ".NETFramework,Version%3Dv3.5"
		ProjectReferences = "{1A058756-ED8A-4AA5-96A8-0395B1653DCA}|FlowerShop.BLL.dll;{12891F21-E1B3-414A-A82A-B4B0B8021456}|FlowerShop.DALFactory.dll;{7F494DCE-EA6B-48D5-9C34-5A0DC0CBDC4A}|FlowerShop.IDAL.dll;{F3867BEF-ED3E-447B-93CC-0123798F4D57}|FlowerShop.Model.dll;{552AE3CC-2516-4E25-B2CB-CC7116A19B49}|FlowerShop.SQLServerDAL.dll;"
		Debug.AspNetCompiler.VirtualPath = "/Web"
		Debug.AspNetCompiler.PhysicalPath = "Web\"
		Debug.AspNetCompiler.TargetPath = "PrecompiledWeb\Web\"
		Debug.AspNetCompiler.Updateable = "true"
		Debug.AspNetCompiler.ForceOverwrite = "true"
		Debug.AspNetCompiler.FixedNames = "false"
		Debug.AspNetCompiler.Debug = "True"
		Release.AspNetCompiler.VirtualPath = "/Web"
		Release.AspNetCompiler.PhysicalPath = "Web\"
		Release.AspNetCompiler.TargetPath = "PrecompiledWeb\Web\"
		Release.AspNetCompiler.Updateable = "true"
		Release.AspNetCompiler.ForceOverwrite = "true"
		Release.AspNetCompiler.FixedNames = "false"
		Release.AspNetCompiler.Debug = "False"
		VWDPort = "19821"
		DefaultWebSiteLanguage = "Visual C#"
	EndProjectSection
EndProject
Global
	GlobalSection(SolutionConfigurationPlatforms) = preSolution
		Debug|Any CPU = Debug|Any CPU
		Release|Any CPU = Release|Any CPU
	EndGlobalSection
	GlobalSection(ProjectConfigurationPlatforms) = postSolution
		{F3867BEF-ED3E-447B-93CC-0123798F4D57}.Debug|Any CPU.ActiveCfg = Debug|Any CPU
		{F3867BEF-ED3E-447B-93CC-0123798F4D57}.Debug|Any CPU.Build.0 = Debug|Any CPU
		{F3867BEF-ED3E-447B-93CC-0123798F4D57}.Release|Any CPU.ActiveCfg = Release|Any CPU
		{F3867BEF-ED3E-447B-93CC-0123798F4D57}.Release|Any CPU.Build.0 = Release|Any CPU
		{552AE3CC-2516-4E25-B2CB-CC7116A19B49}.Debug|Any CPU.ActiveCfg = Debug|Any CPU
		{552AE3CC-2516-4E25-B2CB-CC7116A19B49}.Debug|Any CPU.Build.0 = Debug|Any CPU
		{552AE3CC-2516-4E25-B2CB-CC7116A19B49}.Release|Any CPU.ActiveCfg = Release|Any CPU
		{552AE3CC-2516-4E25-B2CB-CC7116A19B49}.Release|Any CPU.Build.0 = Release|Any CPU
		{1A058756-ED8A-4AA5-96A8-0395B1653DCA}.Debug|Any CPU.ActiveCfg = Debug|Any CPU
		{1A058756-ED8A-4AA5-96A8-0395B1653DCA}.Debug|Any CPU.Build.0 = Debug|Any CPU
		{1A058756-ED8A-4AA5-96A8-0395B1653DCA}.Release|Any CPU.ActiveCfg = Release|Any CPU
		{1A058756-ED8A-4AA5-96A8-0395B1653DCA}.Release|Any CPU.Build.0 = Release|Any CPU
		{7F494DCE-EA6B-48D5-9C34-5A0DC0CBDC4A}.Debug|Any CPU.ActiveCfg = Debug|Any CPU
		{7F494DCE-EA6B-48D5-9C34-5A0DC0CBDC4A}.Debug|Any CPU.Build.0 = Debug|Any CPU
		{7F494DCE-EA6B-48D5-9C34-5A0DC0CBDC4A}.Release|Any CPU.ActiveCfg = Release|Any CPU
		{7F494DCE-EA6B-48D5-9C34-5A0DC0CBDC4A}.Release|Any CPU.Build.0 = Release|Any CPU
		{12891F21-E1B3-414A-A82A-B4B0B8021456}.Debug|Any CPU.ActiveCfg = Debug|Any CPU
		{12891F21-E1B3-414A-A82A-B4B0B8021456}.Debug|Any CPU.Build.0 = Debug|Any CPU
		{12891F21-E1B3-414A-A82A-B4B0B8021456}.Release|Any CPU.ActiveCfg = Release|Any CPU
		{12891F21-E1B3-414A-A82A-B4B0B8021456}.Release|Any CPU.Build.0 = Release|Any CPU
		{CFDAA0AE-B84C-4454-9748-DDF93FEE0CBD}.Debug|Any CPU.ActiveCfg = Debug|Any CPU
		{CFDAA0AE-B84C-4454-9748-DDF93FEE0CBD}.Debug|Any CPU.Build.0 = Debug|Any CPU
		{CFDAA0AE-B84C-4454-9748-DDF93FEE0CBD}.Release|Any CPU.ActiveCfg = Debug|Any CPU
		{CFDAA0AE-B84C-4454-9748-DDF93FEE0CBD}.Release|Any CPU.Build.0 = Debug|Any CPU
	EndGlobalSection
	GlobalSection(SolutionProperties) = preSolution
		HideSolutionNode = FALSE
	EndGlobalSection
EndGlobal
